{
  "version": 4,
  "terraform_version": "1.1.3",
  "serial": 350,
  "lineage": "faf674e2-993f-d977-cd23-7f466d238edc",
  "outputs": {
    "disk_devices": {
      "value": {
        "tf-monarch-owlsim-servicedisk": "https://www.googleapis.com/compute/v1/projects/monarch-initiative/zones/us-central1-a/disks/tf-monarch-owlsim-servicedisk",
        "tf-monarch-scigraph-data-servicedisk": "https://www.googleapis.com/compute/v1/projects/monarch-initiative/zones/us-central1-a/disks/tf-monarch-scigraph-data-servicedisk",
        "tf-monarch-scigraph-ontology-servicedisk": "https://www.googleapis.com/compute/v1/projects/monarch-initiative/zones/us-central1-a/disks/tf-monarch-scigraph-ontology-servicedisk",
        "tf-monarch-solr-servicedisk": "https://www.googleapis.com/compute/v1/projects/monarch-initiative/zones/us-central1-a/disks/tf-monarch-solr-servicedisk",
        "tf-monarch-ui-servicedisk": "https://www.googleapis.com/compute/v1/projects/monarch-initiative/zones/us-central1-a/disks/tf-monarch-ui-servicedisk"
      },
      "type": [
        "object",
        {
          "tf-monarch-owlsim-servicedisk": "string",
          "tf-monarch-scigraph-data-servicedisk": "string",
          "tf-monarch-scigraph-ontology-servicedisk": "string",
          "tf-monarch-solr-servicedisk": "string",
          "tf-monarch-ui-servicedisk": "string"
        }
      ]
    }
  },
  "resources": [
    {
      "mode": "managed",
      "type": "google_compute_attached_disk",
      "name": "disk-attachments",
      "provider": "provider[\"registry.terraform.io/hashicorp/google\"]",
      "instances": [
        {
          "index_key": "owlsim",
          "schema_version": 0,
          "attributes": {
            "device_name": "owlsim",
            "disk": "projects/monarch-initiative/zones/us-central1-a/disks/tf-monarch-owlsim-servicedisk",
            "id": "projects/monarch-initiative/zones/us-central1-a/instances/tf-monarch-populator/tf-monarch-owlsim-servicedisk",
            "instance": "projects/monarch-initiative/zones/us-central1-a/instances/tf-monarch-populator",
            "mode": "READ_WRITE",
            "project": "monarch-initiative",
            "timeouts": null,
            "zone": "us-central1-a"
          },
          "sensitive_attributes": [],
          "private": "eyJlMmJmYjczMC1lY2FhLTExZTYtOGY4OC0zNDM2M2JjN2M0YzAiOnsiY3JlYXRlIjozMDAwMDAwMDAwMDAsImRlbGV0ZSI6MzAwMDAwMDAwMDAwfX0=",
          "dependencies": [
            "google_compute_disk.disks",
            "google_compute_instance.populator",
            "google_compute_network.populator_network",
            "google_compute_subnetwork.populator_subnetwork"
          ]
        },
        {
          "index_key": "scigraph-data",
          "schema_version": 0,
          "attributes": {
            "device_name": "scigraph-data",
            "disk": "projects/monarch-initiative/zones/us-central1-a/disks/tf-monarch-scigraph-data-servicedisk",
            "id": "projects/monarch-initiative/zones/us-central1-a/instances/tf-monarch-populator/tf-monarch-scigraph-data-servicedisk",
            "instance": "projects/monarch-initiative/zones/us-central1-a/instances/tf-monarch-populator",
            "mode": "READ_WRITE",
            "project": "monarch-initiative",
            "timeouts": null,
            "zone": "us-central1-a"
          },
          "sensitive_attributes": [],
          "private": "eyJlMmJmYjczMC1lY2FhLTExZTYtOGY4OC0zNDM2M2JjN2M0YzAiOnsiY3JlYXRlIjozMDAwMDAwMDAwMDAsImRlbGV0ZSI6MzAwMDAwMDAwMDAwfX0=",
          "dependencies": [
            "google_compute_disk.disks",
            "google_compute_instance.populator",
            "google_compute_network.populator_network",
            "google_compute_subnetwork.populator_subnetwork"
          ]
        },
        {
          "index_key": "scigraph-ontology",
          "schema_version": 0,
          "attributes": {
            "device_name": "scigraph-ontology",
            "disk": "projects/monarch-initiative/zones/us-central1-a/disks/tf-monarch-scigraph-ontology-servicedisk",
            "id": "projects/monarch-initiative/zones/us-central1-a/instances/tf-monarch-populator/tf-monarch-scigraph-ontology-servicedisk",
            "instance": "projects/monarch-initiative/zones/us-central1-a/instances/tf-monarch-populator",
            "mode": "READ_WRITE",
            "project": "monarch-initiative",
            "timeouts": null,
            "zone": "us-central1-a"
          },
          "sensitive_attributes": [],
          "private": "eyJlMmJmYjczMC1lY2FhLTExZTYtOGY4OC0zNDM2M2JjN2M0YzAiOnsiY3JlYXRlIjozMDAwMDAwMDAwMDAsImRlbGV0ZSI6MzAwMDAwMDAwMDAwfX0=",
          "dependencies": [
            "google_compute_disk.disks",
            "google_compute_instance.populator",
            "google_compute_network.populator_network",
            "google_compute_subnetwork.populator_subnetwork"
          ]
        },
        {
          "index_key": "solr",
          "schema_version": 0,
          "attributes": {
            "device_name": "solr",
            "disk": "projects/monarch-initiative/zones/us-central1-a/disks/tf-monarch-solr-servicedisk",
            "id": "projects/monarch-initiative/zones/us-central1-a/instances/tf-monarch-populator/tf-monarch-solr-servicedisk",
            "instance": "projects/monarch-initiative/zones/us-central1-a/instances/tf-monarch-populator",
            "mode": "READ_WRITE",
            "project": "monarch-initiative",
            "timeouts": null,
            "zone": "us-central1-a"
          },
          "sensitive_attributes": [],
          "private": "eyJlMmJmYjczMC1lY2FhLTExZTYtOGY4OC0zNDM2M2JjN2M0YzAiOnsiY3JlYXRlIjozMDAwMDAwMDAwMDAsImRlbGV0ZSI6MzAwMDAwMDAwMDAwfX0=",
          "dependencies": [
            "google_compute_disk.disks",
            "google_compute_instance.populator",
            "google_compute_network.populator_network",
            "google_compute_subnetwork.populator_subnetwork"
          ]
        },
        {
          "index_key": "ui",
          "schema_version": 0,
          "attributes": {
            "device_name": "ui",
            "disk": "projects/monarch-initiative/zones/us-central1-a/disks/tf-monarch-ui-servicedisk",
            "id": "projects/monarch-initiative/zones/us-central1-a/instances/tf-monarch-populator/tf-monarch-ui-servicedisk",
            "instance": "projects/monarch-initiative/zones/us-central1-a/instances/tf-monarch-populator",
            "mode": "READ_WRITE",
            "project": "monarch-initiative",
            "timeouts": null,
            "zone": "us-central1-a"
          },
          "sensitive_attributes": [],
          "private": "eyJlMmJmYjczMC1lY2FhLTExZTYtOGY4OC0zNDM2M2JjN2M0YzAiOnsiY3JlYXRlIjozMDAwMDAwMDAwMDAsImRlbGV0ZSI6MzAwMDAwMDAwMDAwfX0=",
          "dependencies": [
            "google_compute_disk.disks",
            "google_compute_instance.populator",
            "google_compute_network.populator_network",
            "google_compute_subnetwork.populator_subnetwork"
          ]
        }
      ]
    },
    {
      "mode": "managed",
      "type": "google_compute_disk",
      "name": "disks",
      "provider": "provider[\"registry.terraform.io/hashicorp/google\"]",
      "instances": [
        {
          "index_key": "owlsim",
          "schema_version": 0,
          "attributes": {
            "creation_timestamp": "2022-01-13T21:25:42.764-08:00",
            "description": "Disk for the owlsim service",
            "disk_encryption_key": [],
            "id": "projects/monarch-initiative/zones/us-central1-a/disks/tf-monarch-owlsim-servicedisk",
            "image": "",
            "label_fingerprint": "42WmSpB8rSM=",
            "labels": {},
            "last_attach_timestamp": "2022-01-13T21:26:38.400-08:00",
            "last_detach_timestamp": "2022-01-14T11:26:04.337-08:00",
            "name": "tf-monarch-owlsim-servicedisk",
            "physical_block_size_bytes": 4096,
            "project": "monarch-initiative",
            "provisioned_iops": 0,
            "self_link": "https://www.googleapis.com/compute/v1/projects/monarch-initiative/zones/us-central1-a/disks/tf-monarch-owlsim-servicedisk",
            "size": 20,
            "snapshot": "",
            "source_image_encryption_key": [],
            "source_image_id": "",
            "source_snapshot_encryption_key": [],
            "source_snapshot_id": "",
            "timeouts": null,
            "type": "pd-balanced",
            "users": [],
            "zone": "us-central1-a"
          },
          "sensitive_attributes": [],
          "private": "eyJlMmJmYjczMC1lY2FhLTExZTYtOGY4OC0zNDM2M2JjN2M0YzAiOnsiY3JlYXRlIjozMDAwMDAwMDAwMDAsImRlbGV0ZSI6MjQwMDAwMDAwMDAwLCJ1cGRhdGUiOjI0MDAwMDAwMDAwMH19"
        },
        {
          "index_key": "scigraph-data",
          "schema_version": 0,
          "attributes": {
            "creation_timestamp": "2022-01-13T21:25:42.712-08:00",
            "description": "Disk for the scigraph-data service",
            "disk_encryption_key": [],
            "id": "projects/monarch-initiative/zones/us-central1-a/disks/tf-monarch-scigraph-data-servicedisk",
            "image": "",
            "label_fingerprint": "42WmSpB8rSM=",
            "labels": {},
            "last_attach_timestamp": "2022-01-13T21:26:44.864-08:00",
            "last_detach_timestamp": "2022-01-14T11:26:00.708-08:00",
            "name": "tf-monarch-scigraph-data-servicedisk",
            "physical_block_size_bytes": 4096,
            "project": "monarch-initiative",
            "provisioned_iops": 0,
            "self_link": "https://www.googleapis.com/compute/v1/projects/monarch-initiative/zones/us-central1-a/disks/tf-monarch-scigraph-data-servicedisk",
            "size": 90,
            "snapshot": "",
            "source_image_encryption_key": [],
            "source_image_id": "",
            "source_snapshot_encryption_key": [],
            "source_snapshot_id": "",
            "timeouts": null,
            "type": "pd-standard",
            "users": [],
            "zone": "us-central1-a"
          },
          "sensitive_attributes": [],
          "private": "eyJlMmJmYjczMC1lY2FhLTExZTYtOGY4OC0zNDM2M2JjN2M0YzAiOnsiY3JlYXRlIjozMDAwMDAwMDAwMDAsImRlbGV0ZSI6MjQwMDAwMDAwMDAwLCJ1cGRhdGUiOjI0MDAwMDAwMDAwMH19"
        },
        {
          "index_key": "scigraph-ontology",
          "schema_version": 0,
          "attributes": {
            "creation_timestamp": "2022-01-13T21:25:42.802-08:00",
            "description": "Disk for the scigraph-ontology service",
            "disk_encryption_key": [],
            "id": "projects/monarch-initiative/zones/us-central1-a/disks/tf-monarch-scigraph-ontology-servicedisk",
            "image": "",
            "label_fingerprint": "42WmSpB8rSM=",
            "labels": {},
            "last_attach_timestamp": "2022-01-13T21:26:29.079-08:00",
            "last_detach_timestamp": "2022-01-14T11:26:03.567-08:00",
            "name": "tf-monarch-scigraph-ontology-servicedisk",
            "physical_block_size_bytes": 4096,
            "project": "monarch-initiative",
            "provisioned_iops": 0,
            "self_link": "https://www.googleapis.com/compute/v1/projects/monarch-initiative/zones/us-central1-a/disks/tf-monarch-scigraph-ontology-servicedisk",
            "size": 6,
            "snapshot": "",
            "source_image_encryption_key": [],
            "source_image_id": "",
            "source_snapshot_encryption_key": [],
            "source_snapshot_id": "",
            "timeouts": null,
            "type": "pd-standard",
            "users": [],
            "zone": "us-central1-a"
          },
          "sensitive_attributes": [],
          "private": "eyJlMmJmYjczMC1lY2FhLTExZTYtOGY4OC0zNDM2M2JjN2M0YzAiOnsiY3JlYXRlIjozMDAwMDAwMDAwMDAsImRlbGV0ZSI6MjQwMDAwMDAwMDAwLCJ1cGRhdGUiOjI0MDAwMDAwMDAwMH19"
        },
        {
          "index_key": "solr",
          "schema_version": 0,
          "attributes": {
            "creation_timestamp": "2022-01-13T21:25:42.734-08:00",
            "description": "Disk for the solr service",
            "disk_encryption_key": [],
            "id": "projects/monarch-initiative/zones/us-central1-a/disks/tf-monarch-solr-servicedisk",
            "image": "",
            "label_fingerprint": "42WmSpB8rSM=",
            "labels": {},
            "last_attach_timestamp": "2022-01-13T21:26:33.207-08:00",
            "last_detach_timestamp": "2022-01-14T11:26:01.984-08:00",
            "name": "tf-monarch-solr-servicedisk",
            "physical_block_size_bytes": 4096,
            "project": "monarch-initiative",
            "provisioned_iops": 0,
            "self_link": "https://www.googleapis.com/compute/v1/projects/monarch-initiative/zones/us-central1-a/disks/tf-monarch-solr-servicedisk",
            "size": 160,
            "snapshot": "",
            "source_image_encryption_key": [],
            "source_image_id": "",
            "source_snapshot_encryption_key": [],
            "source_snapshot_id": "",
            "timeouts": null,
            "type": "pd-standard",
            "users": [],
            "zone": "us-central1-a"
          },
          "sensitive_attributes": [],
          "private": "eyJlMmJmYjczMC1lY2FhLTExZTYtOGY4OC0zNDM2M2JjN2M0YzAiOnsiY3JlYXRlIjozMDAwMDAwMDAwMDAsImRlbGV0ZSI6MjQwMDAwMDAwMDAwLCJ1cGRhdGUiOjI0MDAwMDAwMDAwMH19"
        },
        {
          "index_key": "ui",
          "schema_version": 0,
          "attributes": {
            "creation_timestamp": "2022-01-13T21:25:42.780-08:00",
            "description": "Disk for the ui service",
            "disk_encryption_key": [],
            "id": "projects/monarch-initiative/zones/us-central1-a/disks/tf-monarch-ui-servicedisk",
            "image": "",
            "label_fingerprint": "42WmSpB8rSM=",
            "labels": {},
            "last_attach_timestamp": "2022-01-13T21:26:41.657-08:00",
            "last_detach_timestamp": "2022-01-14T11:26:02.759-08:00",
            "name": "tf-monarch-ui-servicedisk",
            "physical_block_size_bytes": 4096,
            "project": "monarch-initiative",
            "provisioned_iops": 0,
            "self_link": "https://www.googleapis.com/compute/v1/projects/monarch-initiative/zones/us-central1-a/disks/tf-monarch-ui-servicedisk",
            "size": 1,
            "snapshot": "",
            "source_image_encryption_key": [],
            "source_image_id": "",
            "source_snapshot_encryption_key": [],
            "source_snapshot_id": "",
            "timeouts": null,
            "type": "pd-standard",
            "users": [],
            "zone": "us-central1-a"
          },
          "sensitive_attributes": [],
          "private": "eyJlMmJmYjczMC1lY2FhLTExZTYtOGY4OC0zNDM2M2JjN2M0YzAiOnsiY3JlYXRlIjozMDAwMDAwMDAwMDAsImRlbGV0ZSI6MjQwMDAwMDAwMDAwLCJ1cGRhdGUiOjI0MDAwMDAwMDAwMH19"
        }
      ]
    },
    {
      "mode": "managed",
      "type": "google_compute_firewall",
      "name": "populator_fw",
      "provider": "provider[\"registry.terraform.io/hashicorp/google\"]",
      "instances": [
        {
          "schema_version": 1,
          "attributes": {
            "allow": [
              {
                "ports": [
                  "22"
                ],
                "protocol": "tcp"
              }
            ],
            "creation_timestamp": "2022-01-18T15:10:46.088-08:00",
            "deny": [],
            "description": "",
            "destination_ranges": [],
            "direction": "INGRESS",
            "disabled": false,
            "enable_logging": null,
            "id": "projects/monarch-initiative/global/firewalls/monarch-populator-fw-allow-ssh",
            "log_config": [],
            "name": "monarch-populator-fw-allow-ssh",
            "network": "https://www.googleapis.com/compute/v1/projects/monarch-initiative/global/networks/monarch-populator-network",
            "priority": 1000,
            "project": "monarch-initiative",
            "self_link": "https://www.googleapis.com/compute/v1/projects/monarch-initiative/global/firewalls/monarch-populator-fw-allow-ssh",
            "source_ranges": [
              "0.0.0.0/0"
            ],
            "source_service_accounts": null,
            "source_tags": null,
            "target_service_accounts": null,
            "target_tags": null,
            "timeouts": null
          },
          "sensitive_attributes": [],
          "private": "eyJlMmJmYjczMC1lY2FhLTExZTYtOGY4OC0zNDM2M2JjN2M0YzAiOnsiY3JlYXRlIjoyNDAwMDAwMDAwMDAsImRlbGV0ZSI6MjQwMDAwMDAwMDAwLCJ1cGRhdGUiOjI0MDAwMDAwMDAwMH0sInNjaGVtYV92ZXJzaW9uIjoiMSJ9",
          "dependencies": [
            "google_compute_network.populator_network"
          ]
        }
      ]
    },
    {
      "mode": "managed",
      "type": "google_compute_instance",
      "name": "populator",
      "provider": "provider[\"registry.terraform.io/hashicorp/google\"]",
      "instances": [
        {
          "schema_version": 6,
          "attributes": {
            "advanced_machine_features": [],
            "allow_stopping_for_update": null,
            "attached_disk": [],
            "boot_disk": [
              {
                "auto_delete": true,
                "device_name": "persistent-disk-0",
                "disk_encryption_key_raw": "",
                "disk_encryption_key_sha256": "",
                "initialize_params": [
                  {
                    "image": "https://www.googleapis.com/compute/v1/projects/debian-cloud/global/images/debian-10-buster-v20211209",
                    "labels": {},
                    "size": 131,
                    "type": "pd-balanced"
                  }
                ],
                "kms_key_self_link": "",
                "mode": "READ_WRITE",
                "source": "https://www.googleapis.com/compute/v1/projects/monarch-initiative/zones/us-central1-a/disks/tf-monarch-populator"
              }
            ],
            "can_ip_forward": false,
            "confidential_instance_config": [],
            "cpu_platform": "Intel Broadwell",
            "current_status": "RUNNING",
            "deletion_protection": false,
            "description": "",
            "desired_status": null,
            "enable_display": false,
            "guest_accelerator": [],
            "hostname": "",
            "id": "projects/monarch-initiative/zones/us-central1-a/instances/tf-monarch-populator",
            "instance_id": "6106467209105307619",
            "label_fingerprint": "42WmSpB8rSM=",
            "labels": null,
            "machine_type": "e2-medium",
            "metadata": {
              "service_disks": "{\"owlsim\":{\"disk_size_gb\":20,\"folder\":\"owlsim\",\"scratch_size_gb\":20,\"target\":\"fetch_owlsim\"},\"scigraph-data\":{\"disk_size_gb\":90,\"disk_type\":\"pd-standard\",\"folder\":\"scigraph-data\",\"scratch_size_gb\":20,\"target\":\"fetch_scigraph_data\"},\"scigraph-ontology\":{\"disk_size_gb\":6,\"disk_type\":\"pd-standard\",\"folder\":\"scigraph-ontology\",\"scratch_size_gb\":1,\"target\":\"fetch_scigraph_ontology\"},\"solr\":{\"disk_size_gb\":160,\"disk_type\":\"pd-standard\",\"folder\":\"solr\",\"scratch_size_gb\":80,\"target\":\"fetch_solr\"},\"ui\":{\"disk_size_gb\":1,\"disk_type\":\"pd-standard\",\"folder\":\"monarch-ui\",\"target\":\"fetch_ui\"}}",
              "services": "[\"owlsim\",\"scigraph-data\",\"scigraph-ontology\",\"solr\",\"ui\"]",
              "targets": "[\"fetch_owlsim\",\"fetch_scigraph_data\",\"fetch_scigraph_ontology\",\"fetch_solr\",\"fetch_ui\"]"
            },
            "metadata_fingerprint": "yP5NQH6R_5E=",
            "metadata_startup_script": null,
            "min_cpu_platform": "",
            "name": "tf-monarch-populator",
            "network_interface": [
              {
                "access_config": [
                  {
                    "nat_ip": "34.133.166.146",
                    "network_tier": "PREMIUM",
                    "public_ptr_domain_name": ""
                  }
                ],
                "alias_ip_range": [],
                "ipv6_access_config": [],
                "ipv6_access_type": "",
                "name": "nic0",
                "network": "https://www.googleapis.com/compute/v1/projects/monarch-initiative/global/networks/monarch-populator-network",
                "network_ip": "10.128.0.2",
                "nic_type": "",
                "queue_count": 0,
                "stack_type": "IPV4_ONLY",
                "subnetwork": "https://www.googleapis.com/compute/v1/projects/monarch-initiative/regions/us-central1/subnetworks/monarch-populator-subnetwork",
                "subnetwork_project": "monarch-initiative"
              }
            ],
            "project": "monarch-initiative",
            "reservation_affinity": [],
            "resource_policies": null,
            "scheduling": [
              {
                "automatic_restart": true,
                "min_node_cpus": 0,
                "node_affinities": [],
                "on_host_maintenance": "MIGRATE",
                "preemptible": false
              }
            ],
            "scratch_disk": [],
            "self_link": "https://www.googleapis.com/compute/v1/projects/monarch-initiative/zones/us-central1-a/instances/tf-monarch-populator",
            "service_account": [],
            "shielded_instance_config": [
              {
                "enable_integrity_monitoring": true,
                "enable_secure_boot": false,
                "enable_vtpm": true
              }
            ],
            "tags": null,
            "tags_fingerprint": "42WmSpB8rSM=",
            "timeouts": null,
            "zone": "us-central1-a"
          },
          "sensitive_attributes": [],
          "private": "eyJlMmJmYjczMC1lY2FhLTExZTYtOGY4OC0zNDM2M2JjN2M0YzAiOnsiY3JlYXRlIjoxMjAwMDAwMDAwMDAwLCJkZWxldGUiOjEyMDAwMDAwMDAwMDAsInVwZGF0ZSI6MTIwMDAwMDAwMDAwMH0sInNjaGVtYV92ZXJzaW9uIjoiNiJ9",
          "dependencies": [
            "google_compute_network.populator_network",
            "google_compute_subnetwork.populator_subnetwork"
          ]
        }
      ]
    },
    {
      "mode": "managed",
      "type": "google_compute_network",
      "name": "populator_network",
      "provider": "provider[\"registry.terraform.io/hashicorp/google\"]",
      "instances": [
        {
          "schema_version": 0,
          "attributes": {
            "auto_create_subnetworks": false,
            "delete_default_routes_on_create": false,
            "description": "",
            "gateway_ipv4": "",
            "id": "projects/monarch-initiative/global/networks/monarch-populator-network",
            "mtu": 0,
            "name": "monarch-populator-network",
            "project": "monarch-initiative",
            "routing_mode": "REGIONAL",
            "self_link": "https://www.googleapis.com/compute/v1/projects/monarch-initiative/global/networks/monarch-populator-network",
            "timeouts": null
          },
          "sensitive_attributes": [],
          "private": "eyJlMmJmYjczMC1lY2FhLTExZTYtOGY4OC0zNDM2M2JjN2M0YzAiOnsiY3JlYXRlIjoyNDAwMDAwMDAwMDAsImRlbGV0ZSI6MjQwMDAwMDAwMDAwLCJ1cGRhdGUiOjI0MDAwMDAwMDAwMH19"
        }
      ]
    },
    {
      "mode": "managed",
      "type": "google_compute_subnetwork",
      "name": "populator_subnetwork",
      "provider": "provider[\"registry.terraform.io/hashicorp/google\"]",
      "instances": [
        {
          "schema_version": 0,
          "attributes": {
            "creation_timestamp": "2022-01-18T15:10:46.440-08:00",
            "description": "",
            "external_ipv6_prefix": "",
            "fingerprint": null,
            "gateway_address": "10.128.0.1",
            "id": "projects/monarch-initiative/regions/us-central1/subnetworks/monarch-populator-subnetwork",
            "ip_cidr_range": "10.128.0.0/9",
            "ipv6_access_type": "",
            "ipv6_cidr_range": "",
            "log_config": [],
            "name": "monarch-populator-subnetwork",
            "network": "https://www.googleapis.com/compute/v1/projects/monarch-initiative/global/networks/monarch-populator-network",
            "private_ip_google_access": false,
            "private_ipv6_google_access": "DISABLE_GOOGLE_ACCESS",
            "project": "monarch-initiative",
            "purpose": "PRIVATE",
            "region": "us-central1",
            "role": "",
            "secondary_ip_range": [],
            "self_link": "https://www.googleapis.com/compute/v1/projects/monarch-initiative/regions/us-central1/subnetworks/monarch-populator-subnetwork",
            "stack_type": "IPV4_ONLY",
            "timeouts": null
          },
          "sensitive_attributes": [],
          "private": "eyJlMmJmYjczMC1lY2FhLTExZTYtOGY4OC0zNDM2M2JjN2M0YzAiOnsiY3JlYXRlIjozNjAwMDAwMDAwMDAsImRlbGV0ZSI6MzYwMDAwMDAwMDAwLCJ1cGRhdGUiOjM2MDAwMDAwMDAwMH19",
          "dependencies": [
            "google_compute_network.populator_network"
          ]
        }
      ]
    }
  ]
}
