{
  "version": 4,
  "terraform_version": "1.0.7",
  "serial": 133,
  "lineage": "3f11370f-d75f-2f7b-af46-880cff89fb55",
  "outputs": {},
  "resources": [
    {
      "mode": "managed",
      "type": "google_compute_firewall",
      "name": "monarch_fw",
      "provider": "provider[\"registry.terraform.io/hashicorp/google\"]",
      "instances": [
        {
          "schema_version": 1,
          "attributes": {
            "allow": [
              {
                "ports": [
                  "22"
                ],
                "protocol": "tcp"
              }
            ],
            "creation_timestamp": "2021-10-12T09:43:43.788-07:00",
            "deny": [],
            "description": "",
            "destination_ranges": [],
            "direction": "INGRESS",
            "disabled": false,
            "enable_logging": null,
            "id": "projects/monarch-initiative/global/firewalls/monarch-fw-allow-ssh",
            "log_config": [],
            "name": "monarch-fw-allow-ssh",
            "network": "https://www.googleapis.com/compute/v1/projects/monarch-initiative/global/networks/monarch-network",
            "priority": 1000,
            "project": "monarch-initiative",
            "self_link": "https://www.googleapis.com/compute/v1/projects/monarch-initiative/global/firewalls/monarch-fw-allow-ssh",
            "source_ranges": [
              "0.0.0.0/0"
            ],
            "source_service_accounts": null,
            "source_tags": null,
            "target_service_accounts": null,
            "target_tags": null,
            "timeouts": null
          },
          "sensitive_attributes": [],
          "private": "eyJlMmJmYjczMC1lY2FhLTExZTYtOGY4OC0zNDM2M2JjN2M0YzAiOnsiY3JlYXRlIjoyNDAwMDAwMDAwMDAsImRlbGV0ZSI6MjQwMDAwMDAwMDAwLCJ1cGRhdGUiOjI0MDAwMDAwMDAwMH0sInNjaGVtYV92ZXJzaW9uIjoiMSJ9",
          "dependencies": [
            "google_compute_network.monarch_network"
          ]
        }
      ]
    },
    {
      "mode": "managed",
      "type": "google_compute_firewall",
      "name": "monarch_fw_app",
      "provider": "provider[\"registry.terraform.io/hashicorp/google\"]",
      "instances": [
        {
          "schema_version": 1,
          "attributes": {
            "allow": [
              {
                "ports": [
                  "80"
                ],
                "protocol": "tcp"
              }
            ],
            "creation_timestamp": "2021-10-12T09:43:43.702-07:00",
            "deny": [],
            "description": "",
            "destination_ranges": [],
            "direction": "INGRESS",
            "disabled": false,
            "enable_logging": null,
            "id": "projects/monarch-initiative/global/firewalls/monarch-fw-allow-app",
            "log_config": [],
            "name": "monarch-fw-allow-app",
            "network": "https://www.googleapis.com/compute/v1/projects/monarch-initiative/global/networks/monarch-network",
            "priority": 1000,
            "project": "monarch-initiative",
            "self_link": "https://www.googleapis.com/compute/v1/projects/monarch-initiative/global/firewalls/monarch-fw-allow-app",
            "source_ranges": [
              "0.0.0.0/0"
            ],
            "source_service_accounts": null,
            "source_tags": null,
            "target_service_accounts": null,
            "target_tags": [
              "http-server"
            ],
            "timeouts": null
          },
          "sensitive_attributes": [],
          "private": "eyJlMmJmYjczMC1lY2FhLTExZTYtOGY4OC0zNDM2M2JjN2M0YzAiOnsiY3JlYXRlIjoyNDAwMDAwMDAwMDAsImRlbGV0ZSI6MjQwMDAwMDAwMDAwLCJ1cGRhdGUiOjI0MDAwMDAwMDAwMH0sInNjaGVtYV92ZXJzaW9uIjoiMSJ9",
          "dependencies": [
            "google_compute_network.monarch_network"
          ]
        }
      ]
    },
    {
      "mode": "managed",
      "type": "google_compute_firewall",
      "name": "monarch_fw_app_ssl",
      "provider": "provider[\"registry.terraform.io/hashicorp/google\"]",
      "instances": [
        {
          "schema_version": 1,
          "attributes": {
            "allow": [
              {
                "ports": [
                  "443"
                ],
                "protocol": "tcp"
              }
            ],
            "creation_timestamp": "2021-10-12T09:43:43.665-07:00",
            "deny": [],
            "description": "",
            "destination_ranges": [],
            "direction": "INGRESS",
            "disabled": false,
            "enable_logging": null,
            "id": "projects/monarch-initiative/global/firewalls/monarch-fw-allow-app-ssl",
            "log_config": [],
            "name": "monarch-fw-allow-app-ssl",
            "network": "https://www.googleapis.com/compute/v1/projects/monarch-initiative/global/networks/monarch-network",
            "priority": 1000,
            "project": "monarch-initiative",
            "self_link": "https://www.googleapis.com/compute/v1/projects/monarch-initiative/global/firewalls/monarch-fw-allow-app-ssl",
            "source_ranges": [
              "0.0.0.0/0"
            ],
            "source_service_accounts": null,
            "source_tags": null,
            "target_service_accounts": null,
            "target_tags": [
              "https-server"
            ],
            "timeouts": null
          },
          "sensitive_attributes": [],
          "private": "eyJlMmJmYjczMC1lY2FhLTExZTYtOGY4OC0zNDM2M2JjN2M0YzAiOnsiY3JlYXRlIjoyNDAwMDAwMDAwMDAsImRlbGV0ZSI6MjQwMDAwMDAwMDAwLCJ1cGRhdGUiOjI0MDAwMDAwMDAwMH0sInNjaGVtYV92ZXJzaW9uIjoiMSJ9",
          "dependencies": [
            "google_compute_network.monarch_network"
          ]
        }
      ]
    },
    {
      "mode": "managed",
      "type": "google_compute_firewall",
      "name": "monarch_fw_local",
      "provider": "provider[\"registry.terraform.io/hashicorp/google\"]",
      "instances": [
        {
          "schema_version": 1,
          "attributes": {
            "allow": [
              {
                "ports": [
                  "0-65535"
                ],
                "protocol": "tcp"
              },
              {
                "ports": [
                  "0-65535"
                ],
                "protocol": "udp"
              },
              {
                "ports": [],
                "protocol": "icmp"
              }
            ],
            "creation_timestamp": "2021-10-12T09:44:05.246-07:00",
            "deny": [],
            "description": "",
            "destination_ranges": [],
            "direction": "INGRESS",
            "disabled": false,
            "enable_logging": null,
            "id": "projects/monarch-initiative/global/firewalls/monarch-fw-allow-local",
            "log_config": [],
            "name": "monarch-fw-allow-local",
            "network": "https://www.googleapis.com/compute/v1/projects/monarch-initiative/global/networks/monarch-network",
            "priority": 1000,
            "project": "monarch-initiative",
            "self_link": "https://www.googleapis.com/compute/v1/projects/monarch-initiative/global/firewalls/monarch-fw-allow-local",
            "source_ranges": [
              "10.128.0.0/9"
            ],
            "source_service_accounts": null,
            "source_tags": null,
            "target_service_accounts": null,
            "target_tags": null,
            "timeouts": null
          },
          "sensitive_attributes": [],
          "private": "eyJlMmJmYjczMC1lY2FhLTExZTYtOGY4OC0zNDM2M2JjN2M0YzAiOnsiY3JlYXRlIjoyNDAwMDAwMDAwMDAsImRlbGV0ZSI6MjQwMDAwMDAwMDAwLCJ1cGRhdGUiOjI0MDAwMDAwMDAwMH0sInNjaGVtYV92ZXJzaW9uIjoiMSJ9",
          "dependencies": [
            "google_compute_network.monarch_network",
            "google_compute_subnetwork.monarch_subnetwork"
          ]
        }
      ]
    },
    {
      "mode": "managed",
      "type": "google_compute_instance",
      "name": "nodes",
      "provider": "provider[\"registry.terraform.io/hashicorp/google\"]",
      "instances": [
        {
          "index_key": "tf-monarch-manager",
          "schema_version": 6,
          "attributes": {
            "allow_stopping_for_update": null,
            "attached_disk": [],
            "boot_disk": [
              {
                "auto_delete": true,
                "device_name": "persistent-disk-0",
                "disk_encryption_key_raw": "",
                "disk_encryption_key_sha256": "",
                "initialize_params": [
                  {
                    "image": "https://www.googleapis.com/compute/v1/projects/debian-cloud/global/images/debian-10-buster-v20210916",
                    "labels": {},
                    "size": 10,
                    "type": "pd-standard"
                  }
                ],
                "kms_key_self_link": "",
                "mode": "READ_WRITE",
                "source": "https://www.googleapis.com/compute/v1/projects/monarch-initiative/zones/us-central1-a/disks/tf-monarch-manager"
              }
            ],
            "can_ip_forward": false,
            "confidential_instance_config": [],
            "cpu_platform": "Intel Broadwell",
            "current_status": "RUNNING",
            "deletion_protection": false,
            "description": "",
            "desired_status": null,
            "enable_display": false,
            "guest_accelerator": [],
            "hostname": "",
            "id": "projects/monarch-initiative/zones/us-central1-a/instances/tf-monarch-manager",
            "instance_id": "4925534537687500218",
            "label_fingerprint": "42WmSpB8rSM=",
            "labels": null,
            "machine_type": "e2-small",
            "metadata": {
              "enable-oslogin": "true",
              "role": "manager",
              "services": "[]"
            },
            "metadata_fingerprint": "HXNebKLl1ZI=",
            "metadata_startup_script": "",
            "min_cpu_platform": "",
            "name": "tf-monarch-manager",
            "network_interface": [
              {
                "access_config": [
                  {
                    "nat_ip": "34.122.1.29",
                    "network_tier": "PREMIUM",
                    "public_ptr_domain_name": ""
                  }
                ],
                "alias_ip_range": [],
                "name": "nic0",
                "network": "https://www.googleapis.com/compute/v1/projects/monarch-initiative/global/networks/monarch-network",
                "network_ip": "10.128.0.4",
                "subnetwork": "https://www.googleapis.com/compute/v1/projects/monarch-initiative/regions/us-central1/subnetworks/monarch-subnetwork",
                "subnetwork_project": "monarch-initiative"
              }
            ],
            "project": "monarch-initiative",
            "resource_policies": null,
            "scheduling": [
              {
                "automatic_restart": true,
                "node_affinities": [],
                "on_host_maintenance": "MIGRATE",
                "preemptible": false
              }
            ],
            "scratch_disk": [],
            "self_link": "https://www.googleapis.com/compute/v1/projects/monarch-initiative/zones/us-central1-a/instances/tf-monarch-manager",
            "service_account": [],
            "shielded_instance_config": [
              {
                "enable_integrity_monitoring": true,
                "enable_secure_boot": false,
                "enable_vtpm": true
              }
            ],
            "tags": null,
            "tags_fingerprint": "42WmSpB8rSM=",
            "timeouts": null,
            "zone": "us-central1-a"
          },
          "sensitive_attributes": [],
          "private": "eyJlMmJmYjczMC1lY2FhLTExZTYtOGY4OC0zNDM2M2JjN2M0YzAiOnsiY3JlYXRlIjoxMjAwMDAwMDAwMDAwLCJkZWxldGUiOjEyMDAwMDAwMDAwMDAsInVwZGF0ZSI6MTIwMDAwMDAwMDAwMH0sInNjaGVtYV92ZXJzaW9uIjoiNiJ9",
          "dependencies": [
            "google_compute_network.monarch_network",
            "google_compute_subnetwork.monarch_subnetwork"
          ]
        },
        {
          "index_key": "tf-monarch-owlsim",
          "schema_version": 6,
          "attributes": {
            "allow_stopping_for_update": null,
            "attached_disk": [],
            "boot_disk": [
              {
                "auto_delete": true,
                "device_name": "persistent-disk-0",
                "disk_encryption_key_raw": "",
                "disk_encryption_key_sha256": "",
                "initialize_params": [
                  {
                    "image": "https://www.googleapis.com/compute/v1/projects/debian-cloud/global/images/debian-10-buster-v20210916",
                    "labels": {},
                    "size": 10,
                    "type": "pd-standard"
                  }
                ],
                "kms_key_self_link": "",
                "mode": "READ_WRITE",
                "source": "https://www.googleapis.com/compute/v1/projects/monarch-initiative/zones/us-central1-a/disks/tf-monarch-owlsim"
              }
            ],
            "can_ip_forward": false,
            "confidential_instance_config": [],
            "cpu_platform": "Intel Broadwell",
            "current_status": "RUNNING",
            "deletion_protection": false,
            "description": "",
            "desired_status": null,
            "enable_display": false,
            "guest_accelerator": [],
            "hostname": "",
            "id": "projects/monarch-initiative/zones/us-central1-a/instances/tf-monarch-owlsim",
            "instance_id": "5679311159380411834",
            "label_fingerprint": "42WmSpB8rSM=",
            "labels": null,
            "machine_type": "e2-custom-6-49152",
            "metadata": {
              "enable-oslogin": "true",
              "role": "worker",
              "services": "[\"owlsim\"]"
            },
            "metadata_fingerprint": "prbbV3_key8=",
            "metadata_startup_script": "",
            "min_cpu_platform": "",
            "name": "tf-monarch-owlsim",
            "network_interface": [
              {
                "access_config": [
                  {
                    "nat_ip": "34.134.214.139",
                    "network_tier": "PREMIUM",
                    "public_ptr_domain_name": ""
                  }
                ],
                "alias_ip_range": [],
                "name": "nic0",
                "network": "https://www.googleapis.com/compute/v1/projects/monarch-initiative/global/networks/monarch-network",
                "network_ip": "10.128.0.5",
                "subnetwork": "https://www.googleapis.com/compute/v1/projects/monarch-initiative/regions/us-central1/subnetworks/monarch-subnetwork",
                "subnetwork_project": "monarch-initiative"
              }
            ],
            "project": "monarch-initiative",
            "resource_policies": null,
            "scheduling": [
              {
                "automatic_restart": true,
                "node_affinities": [],
                "on_host_maintenance": "MIGRATE",
                "preemptible": false
              }
            ],
            "scratch_disk": [],
            "self_link": "https://www.googleapis.com/compute/v1/projects/monarch-initiative/zones/us-central1-a/instances/tf-monarch-owlsim",
            "service_account": [],
            "shielded_instance_config": [
              {
                "enable_integrity_monitoring": true,
                "enable_secure_boot": false,
                "enable_vtpm": true
              }
            ],
            "tags": null,
            "tags_fingerprint": "42WmSpB8rSM=",
            "timeouts": null,
            "zone": "us-central1-a"
          },
          "sensitive_attributes": [],
          "private": "eyJlMmJmYjczMC1lY2FhLTExZTYtOGY4OC0zNDM2M2JjN2M0YzAiOnsiY3JlYXRlIjoxMjAwMDAwMDAwMDAwLCJkZWxldGUiOjEyMDAwMDAwMDAwMDAsInVwZGF0ZSI6MTIwMDAwMDAwMDAwMH0sInNjaGVtYV92ZXJzaW9uIjoiNiJ9",
          "dependencies": [
            "google_compute_network.monarch_network",
            "google_compute_subnetwork.monarch_subnetwork"
          ]
        },
        {
          "index_key": "tf-monarch-scigraph",
          "schema_version": 6,
          "attributes": {
            "allow_stopping_for_update": null,
            "attached_disk": [],
            "boot_disk": [
              {
                "auto_delete": true,
                "device_name": "persistent-disk-0",
                "disk_encryption_key_raw": "",
                "disk_encryption_key_sha256": "",
                "initialize_params": [
                  {
                    "image": "https://www.googleapis.com/compute/v1/projects/debian-cloud/global/images/debian-10-buster-v20210916",
                    "labels": {},
                    "size": 10,
                    "type": "pd-standard"
                  }
                ],
                "kms_key_self_link": "",
                "mode": "READ_WRITE",
                "source": "https://www.googleapis.com/compute/v1/projects/monarch-initiative/zones/us-central1-a/disks/tf-monarch-scigraph"
              }
            ],
            "can_ip_forward": false,
            "confidential_instance_config": [],
            "cpu_platform": "Intel Broadwell",
            "current_status": "RUNNING",
            "deletion_protection": false,
            "description": "",
            "desired_status": null,
            "enable_display": false,
            "guest_accelerator": [],
            "hostname": "",
            "id": "projects/monarch-initiative/zones/us-central1-a/instances/tf-monarch-scigraph",
            "instance_id": "6753299183790720442",
            "label_fingerprint": "42WmSpB8rSM=",
            "labels": null,
            "machine_type": "e2-highmem-2",
            "metadata": {
              "enable-oslogin": "true",
              "role": "worker",
              "services": "[\"scigraph-data\",\"scigraph-ontology\"]"
            },
            "metadata_fingerprint": "2i_wSx3AbFk=",
            "metadata_startup_script": "",
            "min_cpu_platform": "",
            "name": "tf-monarch-scigraph",
            "network_interface": [
              {
                "access_config": [
                  {
                    "nat_ip": "34.133.30.204",
                    "network_tier": "PREMIUM",
                    "public_ptr_domain_name": ""
                  }
                ],
                "alias_ip_range": [],
                "name": "nic0",
                "network": "https://www.googleapis.com/compute/v1/projects/monarch-initiative/global/networks/monarch-network",
                "network_ip": "10.128.0.3",
                "subnetwork": "https://www.googleapis.com/compute/v1/projects/monarch-initiative/regions/us-central1/subnetworks/monarch-subnetwork",
                "subnetwork_project": "monarch-initiative"
              }
            ],
            "project": "monarch-initiative",
            "resource_policies": null,
            "scheduling": [
              {
                "automatic_restart": true,
                "node_affinities": [],
                "on_host_maintenance": "MIGRATE",
                "preemptible": false
              }
            ],
            "scratch_disk": [],
            "self_link": "https://www.googleapis.com/compute/v1/projects/monarch-initiative/zones/us-central1-a/instances/tf-monarch-scigraph",
            "service_account": [],
            "shielded_instance_config": [
              {
                "enable_integrity_monitoring": true,
                "enable_secure_boot": false,
                "enable_vtpm": true
              }
            ],
            "tags": null,
            "tags_fingerprint": "42WmSpB8rSM=",
            "timeouts": null,
            "zone": "us-central1-a"
          },
          "sensitive_attributes": [],
          "private": "eyJlMmJmYjczMC1lY2FhLTExZTYtOGY4OC0zNDM2M2JjN2M0YzAiOnsiY3JlYXRlIjoxMjAwMDAwMDAwMDAwLCJkZWxldGUiOjEyMDAwMDAwMDAwMDAsInVwZGF0ZSI6MTIwMDAwMDAwMDAwMH0sInNjaGVtYV92ZXJzaW9uIjoiNiJ9",
          "dependencies": [
            "google_compute_network.monarch_network",
            "google_compute_subnetwork.monarch_subnetwork"
          ]
        },
        {
          "index_key": "tf-monarch-solr",
          "schema_version": 6,
          "attributes": {
            "allow_stopping_for_update": null,
            "attached_disk": [],
            "boot_disk": [
              {
                "auto_delete": true,
                "device_name": "persistent-disk-0",
                "disk_encryption_key_raw": "",
                "disk_encryption_key_sha256": "",
                "initialize_params": [
                  {
                    "image": "https://www.googleapis.com/compute/v1/projects/debian-cloud/global/images/debian-10-buster-v20210916",
                    "labels": {},
                    "size": 10,
                    "type": "pd-standard"
                  }
                ],
                "kms_key_self_link": "",
                "mode": "READ_WRITE",
                "source": "https://www.googleapis.com/compute/v1/projects/monarch-initiative/zones/us-central1-a/disks/tf-monarch-solr"
              }
            ],
            "can_ip_forward": false,
            "confidential_instance_config": [],
            "cpu_platform": "Intel Broadwell",
            "current_status": "RUNNING",
            "deletion_protection": false,
            "description": "",
            "desired_status": null,
            "enable_display": false,
            "guest_accelerator": [],
            "hostname": "",
            "id": "projects/monarch-initiative/zones/us-central1-a/instances/tf-monarch-solr",
            "instance_id": "6639441623703356858",
            "label_fingerprint": "42WmSpB8rSM=",
            "labels": null,
            "machine_type": "e2-standard-4",
            "metadata": {
              "enable-oslogin": "true",
              "role": "worker",
              "services": "[\"solr\",\"biolink\"]"
            },
            "metadata_fingerprint": "J6l5y9IS2ps=",
            "metadata_startup_script": "",
            "min_cpu_platform": "",
            "name": "tf-monarch-solr",
            "network_interface": [
              {
                "access_config": [
                  {
                    "nat_ip": "34.67.30.225",
                    "network_tier": "PREMIUM",
                    "public_ptr_domain_name": ""
                  }
                ],
                "alias_ip_range": [],
                "name": "nic0",
                "network": "https://www.googleapis.com/compute/v1/projects/monarch-initiative/global/networks/monarch-network",
                "network_ip": "10.128.0.2",
                "subnetwork": "https://www.googleapis.com/compute/v1/projects/monarch-initiative/regions/us-central1/subnetworks/monarch-subnetwork",
                "subnetwork_project": "monarch-initiative"
              }
            ],
            "project": "monarch-initiative",
            "resource_policies": null,
            "scheduling": [
              {
                "automatic_restart": true,
                "node_affinities": [],
                "on_host_maintenance": "MIGRATE",
                "preemptible": false
              }
            ],
            "scratch_disk": [],
            "self_link": "https://www.googleapis.com/compute/v1/projects/monarch-initiative/zones/us-central1-a/instances/tf-monarch-solr",
            "service_account": [],
            "shielded_instance_config": [
              {
                "enable_integrity_monitoring": true,
                "enable_secure_boot": false,
                "enable_vtpm": true
              }
            ],
            "tags": null,
            "tags_fingerprint": "42WmSpB8rSM=",
            "timeouts": null,
            "zone": "us-central1-a"
          },
          "sensitive_attributes": [],
          "private": "eyJlMmJmYjczMC1lY2FhLTExZTYtOGY4OC0zNDM2M2JjN2M0YzAiOnsiY3JlYXRlIjoxMjAwMDAwMDAwMDAwLCJkZWxldGUiOjEyMDAwMDAwMDAwMDAsInVwZGF0ZSI6MTIwMDAwMDAwMDAwMH0sInNjaGVtYV92ZXJzaW9uIjoiNiJ9",
          "dependencies": [
            "google_compute_network.monarch_network",
            "google_compute_subnetwork.monarch_subnetwork"
          ]
        }
      ]
    },
    {
      "mode": "managed",
      "type": "google_compute_network",
      "name": "monarch_network",
      "provider": "provider[\"registry.terraform.io/hashicorp/google\"]",
      "instances": [
        {
          "schema_version": 0,
          "attributes": {
            "auto_create_subnetworks": false,
            "delete_default_routes_on_create": false,
            "description": "",
            "gateway_ipv4": "",
            "id": "projects/monarch-initiative/global/networks/monarch-network",
            "mtu": 0,
            "name": "monarch-network",
            "project": "monarch-initiative",
            "routing_mode": "REGIONAL",
            "self_link": "https://www.googleapis.com/compute/v1/projects/monarch-initiative/global/networks/monarch-network",
            "timeouts": null
          },
          "sensitive_attributes": [],
          "private": "eyJlMmJmYjczMC1lY2FhLTExZTYtOGY4OC0zNDM2M2JjN2M0YzAiOnsiY3JlYXRlIjoyNDAwMDAwMDAwMDAsImRlbGV0ZSI6MjQwMDAwMDAwMDAwLCJ1cGRhdGUiOjI0MDAwMDAwMDAwMH19",
          "create_before_destroy": true
        }
      ]
    },
    {
      "mode": "managed",
      "type": "google_compute_network_endpoint",
      "name": "endpoints",
      "provider": "provider[\"registry.terraform.io/hashicorp/google\"]",
      "instances": [
        {
          "index_key": "biolink-tf-monarch-solr",
          "schema_version": 0,
          "attributes": {
            "id": "monarch-initiative/us-central1-a/biolink-neg/tf-monarch-solr/10.128.0.2/5000",
            "instance": "tf-monarch-solr",
            "ip_address": "10.128.0.2",
            "network_endpoint_group": "biolink-neg",
            "port": 5000,
            "project": "monarch-initiative",
            "timeouts": null,
            "zone": null
          },
          "sensitive_attributes": [],
          "private": "eyJlMmJmYjczMC1lY2FhLTExZTYtOGY4OC0zNDM2M2JjN2M0YzAiOnsiY3JlYXRlIjozNjAwMDAwMDAwMDAsImRlbGV0ZSI6MzYwMDAwMDAwMDAwfX0=",
          "dependencies": [
            "google_compute_instance.nodes",
            "google_compute_network.monarch_network",
            "google_compute_network_endpoint_group.negs",
            "google_compute_subnetwork.monarch_subnetwork"
          ]
        },
        {
          "index_key": "owlsim-tf-monarch-owlsim",
          "schema_version": 0,
          "attributes": {
            "id": "monarch-initiative/us-central1-a/owlsim-neg/tf-monarch-owlsim/10.128.0.5/9031",
            "instance": "tf-monarch-owlsim",
            "ip_address": "10.128.0.5",
            "network_endpoint_group": "owlsim-neg",
            "port": 9031,
            "project": "monarch-initiative",
            "timeouts": null,
            "zone": null
          },
          "sensitive_attributes": [],
          "private": "eyJlMmJmYjczMC1lY2FhLTExZTYtOGY4OC0zNDM2M2JjN2M0YzAiOnsiY3JlYXRlIjozNjAwMDAwMDAwMDAsImRlbGV0ZSI6MzYwMDAwMDAwMDAwfX0=",
          "dependencies": [
            "google_compute_instance.nodes",
            "google_compute_network.monarch_network",
            "google_compute_network_endpoint_group.negs",
            "google_compute_subnetwork.monarch_subnetwork"
          ]
        },
        {
          "index_key": "scigraph-data-tf-monarch-scigraph",
          "schema_version": 0,
          "attributes": {
            "id": "monarch-initiative/us-central1-a/scigraph-data-neg/tf-monarch-scigraph/10.128.0.3/9000",
            "instance": "tf-monarch-scigraph",
            "ip_address": "10.128.0.3",
            "network_endpoint_group": "scigraph-data-neg",
            "port": 9000,
            "project": "monarch-initiative",
            "timeouts": null,
            "zone": null
          },
          "sensitive_attributes": [],
          "private": "eyJlMmJmYjczMC1lY2FhLTExZTYtOGY4OC0zNDM2M2JjN2M0YzAiOnsiY3JlYXRlIjozNjAwMDAwMDAwMDAsImRlbGV0ZSI6MzYwMDAwMDAwMDAwfX0=",
          "dependencies": [
            "google_compute_instance.nodes",
            "google_compute_network.monarch_network",
            "google_compute_network_endpoint_group.negs",
            "google_compute_subnetwork.monarch_subnetwork"
          ]
        },
        {
          "index_key": "scigraph-ontology-tf-monarch-scigraph",
          "schema_version": 0,
          "attributes": {
            "id": "monarch-initiative/us-central1-a/scigraph-ontology-neg/tf-monarch-scigraph/10.128.0.3/9090",
            "instance": "tf-monarch-scigraph",
            "ip_address": "10.128.0.3",
            "network_endpoint_group": "scigraph-ontology-neg",
            "port": 9090,
            "project": "monarch-initiative",
            "timeouts": null,
            "zone": null
          },
          "sensitive_attributes": [],
          "private": "eyJlMmJmYjczMC1lY2FhLTExZTYtOGY4OC0zNDM2M2JjN2M0YzAiOnsiY3JlYXRlIjozNjAwMDAwMDAwMDAsImRlbGV0ZSI6MzYwMDAwMDAwMDAwfX0=",
          "dependencies": [
            "google_compute_instance.nodes",
            "google_compute_network.monarch_network",
            "google_compute_network_endpoint_group.negs",
            "google_compute_subnetwork.monarch_subnetwork"
          ]
        },
        {
          "index_key": "solr-tf-monarch-solr",
          "schema_version": 0,
          "attributes": {
            "id": "monarch-initiative/us-central1-a/solr-neg/tf-monarch-solr/10.128.0.2/8983",
            "instance": "tf-monarch-solr",
            "ip_address": "10.128.0.2",
            "network_endpoint_group": "solr-neg",
            "port": 8983,
            "project": "monarch-initiative",
            "timeouts": null,
            "zone": null
          },
          "sensitive_attributes": [],
          "private": "eyJlMmJmYjczMC1lY2FhLTExZTYtOGY4OC0zNDM2M2JjN2M0YzAiOnsiY3JlYXRlIjozNjAwMDAwMDAwMDAsImRlbGV0ZSI6MzYwMDAwMDAwMDAwfX0=",
          "dependencies": [
            "google_compute_instance.nodes",
            "google_compute_network.monarch_network",
            "google_compute_network_endpoint_group.negs",
            "google_compute_subnetwork.monarch_subnetwork"
          ]
        }
      ]
    },
    {
      "mode": "managed",
      "type": "google_compute_network_endpoint_group",
      "name": "negs",
      "provider": "provider[\"registry.terraform.io/hashicorp/google\"]",
      "instances": [
        {
          "index_key": "biolink",
          "schema_version": 0,
          "attributes": {
            "default_port": 5000,
            "description": "",
            "id": "projects/monarch-initiative/zones/us-central1-a/networkEndpointGroups/biolink-neg",
            "name": "biolink-neg",
            "network": "https://www.googleapis.com/compute/v1/projects/monarch-initiative/global/networks/monarch-network",
            "network_endpoint_type": "GCE_VM_IP_PORT",
            "project": "monarch-initiative",
            "self_link": "https://www.googleapis.com/compute/v1/projects/monarch-initiative/zones/us-central1-a/networkEndpointGroups/biolink-neg",
            "size": 0,
            "subnetwork": "https://www.googleapis.com/compute/v1/projects/monarch-initiative/regions/us-central1/subnetworks/monarch-subnetwork",
            "timeouts": null,
            "zone": "https://www.googleapis.com/compute/v1/projects/monarch-initiative/zones/us-central1-a"
          },
          "sensitive_attributes": [],
          "private": "eyJlMmJmYjczMC1lY2FhLTExZTYtOGY4OC0zNDM2M2JjN2M0YzAiOnsiY3JlYXRlIjoyNDAwMDAwMDAwMDAsImRlbGV0ZSI6MjQwMDAwMDAwMDAwfX0=",
          "dependencies": [
            "google_compute_network.monarch_network",
            "google_compute_subnetwork.monarch_subnetwork"
          ],
          "create_before_destroy": true
        },
        {
          "index_key": "owlsim",
          "schema_version": 0,
          "attributes": {
            "default_port": 9031,
            "description": "",
            "id": "projects/monarch-initiative/zones/us-central1-a/networkEndpointGroups/owlsim-neg",
            "name": "owlsim-neg",
            "network": "https://www.googleapis.com/compute/v1/projects/monarch-initiative/global/networks/monarch-network",
            "network_endpoint_type": "GCE_VM_IP_PORT",
            "project": "monarch-initiative",
            "self_link": "https://www.googleapis.com/compute/v1/projects/monarch-initiative/zones/us-central1-a/networkEndpointGroups/owlsim-neg",
            "size": 0,
            "subnetwork": "https://www.googleapis.com/compute/v1/projects/monarch-initiative/regions/us-central1/subnetworks/monarch-subnetwork",
            "timeouts": null,
            "zone": "https://www.googleapis.com/compute/v1/projects/monarch-initiative/zones/us-central1-a"
          },
          "sensitive_attributes": [],
          "private": "eyJlMmJmYjczMC1lY2FhLTExZTYtOGY4OC0zNDM2M2JjN2M0YzAiOnsiY3JlYXRlIjoyNDAwMDAwMDAwMDAsImRlbGV0ZSI6MjQwMDAwMDAwMDAwfX0=",
          "dependencies": [
            "google_compute_network.monarch_network",
            "google_compute_subnetwork.monarch_subnetwork"
          ],
          "create_before_destroy": true
        },
        {
          "index_key": "scigraph-data",
          "schema_version": 0,
          "attributes": {
            "default_port": 9000,
            "description": "",
            "id": "projects/monarch-initiative/zones/us-central1-a/networkEndpointGroups/scigraph-data-neg",
            "name": "scigraph-data-neg",
            "network": "https://www.googleapis.com/compute/v1/projects/monarch-initiative/global/networks/monarch-network",
            "network_endpoint_type": "GCE_VM_IP_PORT",
            "project": "monarch-initiative",
            "self_link": "https://www.googleapis.com/compute/v1/projects/monarch-initiative/zones/us-central1-a/networkEndpointGroups/scigraph-data-neg",
            "size": 0,
            "subnetwork": "https://www.googleapis.com/compute/v1/projects/monarch-initiative/regions/us-central1/subnetworks/monarch-subnetwork",
            "timeouts": null,
            "zone": "https://www.googleapis.com/compute/v1/projects/monarch-initiative/zones/us-central1-a"
          },
          "sensitive_attributes": [],
          "private": "eyJlMmJmYjczMC1lY2FhLTExZTYtOGY4OC0zNDM2M2JjN2M0YzAiOnsiY3JlYXRlIjoyNDAwMDAwMDAwMDAsImRlbGV0ZSI6MjQwMDAwMDAwMDAwfX0=",
          "dependencies": [
            "google_compute_network.monarch_network",
            "google_compute_subnetwork.monarch_subnetwork"
          ],
          "create_before_destroy": true
        },
        {
          "index_key": "scigraph-ontology",
          "schema_version": 0,
          "attributes": {
            "default_port": 9090,
            "description": "",
            "id": "projects/monarch-initiative/zones/us-central1-a/networkEndpointGroups/scigraph-ontology-neg",
            "name": "scigraph-ontology-neg",
            "network": "https://www.googleapis.com/compute/v1/projects/monarch-initiative/global/networks/monarch-network",
            "network_endpoint_type": "GCE_VM_IP_PORT",
            "project": "monarch-initiative",
            "self_link": "https://www.googleapis.com/compute/v1/projects/monarch-initiative/zones/us-central1-a/networkEndpointGroups/scigraph-ontology-neg",
            "size": 0,
            "subnetwork": "https://www.googleapis.com/compute/v1/projects/monarch-initiative/regions/us-central1/subnetworks/monarch-subnetwork",
            "timeouts": null,
            "zone": "https://www.googleapis.com/compute/v1/projects/monarch-initiative/zones/us-central1-a"
          },
          "sensitive_attributes": [],
          "private": "eyJlMmJmYjczMC1lY2FhLTExZTYtOGY4OC0zNDM2M2JjN2M0YzAiOnsiY3JlYXRlIjoyNDAwMDAwMDAwMDAsImRlbGV0ZSI6MjQwMDAwMDAwMDAwfX0=",
          "dependencies": [
            "google_compute_network.monarch_network",
            "google_compute_subnetwork.monarch_subnetwork"
          ],
          "create_before_destroy": true
        },
        {
          "index_key": "solr",
          "schema_version": 0,
          "attributes": {
            "default_port": 8983,
            "description": "",
            "id": "projects/monarch-initiative/zones/us-central1-a/networkEndpointGroups/solr-neg",
            "name": "solr-neg",
            "network": "https://www.googleapis.com/compute/v1/projects/monarch-initiative/global/networks/monarch-network",
            "network_endpoint_type": "GCE_VM_IP_PORT",
            "project": "monarch-initiative",
            "self_link": "https://www.googleapis.com/compute/v1/projects/monarch-initiative/zones/us-central1-a/networkEndpointGroups/solr-neg",
            "size": 0,
            "subnetwork": "https://www.googleapis.com/compute/v1/projects/monarch-initiative/regions/us-central1/subnetworks/monarch-subnetwork",
            "timeouts": null,
            "zone": "https://www.googleapis.com/compute/v1/projects/monarch-initiative/zones/us-central1-a"
          },
          "sensitive_attributes": [],
          "private": "eyJlMmJmYjczMC1lY2FhLTExZTYtOGY4OC0zNDM2M2JjN2M0YzAiOnsiY3JlYXRlIjoyNDAwMDAwMDAwMDAsImRlbGV0ZSI6MjQwMDAwMDAwMDAwfX0=",
          "dependencies": [
            "google_compute_network.monarch_network",
            "google_compute_subnetwork.monarch_subnetwork"
          ],
          "create_before_destroy": true
        }
      ]
    },
    {
      "mode": "managed",
      "type": "google_compute_subnetwork",
      "name": "monarch_subnetwork",
      "provider": "provider[\"registry.terraform.io/hashicorp/google\"]",
      "instances": [
        {
          "schema_version": 0,
          "attributes": {
            "creation_timestamp": "2021-10-12T09:43:43.865-07:00",
            "description": "",
            "fingerprint": null,
            "gateway_address": "10.128.0.1",
            "id": "projects/monarch-initiative/regions/us-central1/subnetworks/monarch-subnetwork",
            "ip_cidr_range": "10.128.0.0/9",
            "log_config": [],
            "name": "monarch-subnetwork",
            "network": "https://www.googleapis.com/compute/v1/projects/monarch-initiative/global/networks/monarch-network",
            "private_ip_google_access": false,
            "private_ipv6_google_access": "DISABLE_GOOGLE_ACCESS",
            "project": "monarch-initiative",
            "region": "us-central1",
            "secondary_ip_range": [],
            "self_link": "https://www.googleapis.com/compute/v1/projects/monarch-initiative/regions/us-central1/subnetworks/monarch-subnetwork",
            "timeouts": null
          },
          "sensitive_attributes": [],
          "private": "eyJlMmJmYjczMC1lY2FhLTExZTYtOGY4OC0zNDM2M2JjN2M0YzAiOnsiY3JlYXRlIjozNjAwMDAwMDAwMDAsImRlbGV0ZSI6MzYwMDAwMDAwMDAwLCJ1cGRhdGUiOjM2MDAwMDAwMDAwMH19",
          "dependencies": [
            "google_compute_network.monarch_network"
          ],
          "create_before_destroy": true
        }
      ]
    },
    {
      "mode": "managed",
      "type": "google_compute_url_map",
      "name": "urlmap",
      "provider": "provider[\"registry.terraform.io/hashicorp/google\"]",
      "instances": []
    },
    {
      "module": "module.lb-http",
      "mode": "managed",
      "type": "google_compute_backend_service",
      "name": "default",
      "provider": "provider[\"registry.terraform.io/hashicorp/google-beta\"]",
      "instances": []
    },
    {
      "module": "module.lb-http",
      "mode": "managed",
      "type": "google_compute_firewall",
      "name": "default-hc",
      "provider": "provider[\"registry.terraform.io/hashicorp/google\"]",
      "instances": [
        {
          "index_key": 0,
          "schema_version": 1,
          "attributes": {
            "allow": [
              {
                "ports": [
                  "5000"
                ],
                "protocol": "tcp"
              },
              {
                "ports": [
                  "8983"
                ],
                "protocol": "tcp"
              },
              {
                "ports": [
                  "9000"
                ],
                "protocol": "tcp"
              },
              {
                "ports": [
                  "9031"
                ],
                "protocol": "tcp"
              },
              {
                "ports": [
                  "9090"
                ],
                "protocol": "tcp"
              }
            ],
            "creation_timestamp": "2021-10-12T09:44:19.237-07:00",
            "deny": [],
            "description": "",
            "destination_ranges": [],
            "direction": "INGRESS",
            "disabled": false,
            "enable_logging": null,
            "id": "projects/monarch-initiative/global/firewalls/monarch-tf-balancer-hc-0",
            "log_config": [],
            "name": "monarch-tf-balancer-hc-0",
            "network": "https://www.googleapis.com/compute/v1/projects/monarch-initiative/global/networks/monarch-network",
            "priority": 1000,
            "project": "monarch-initiative",
            "self_link": "https://www.googleapis.com/compute/v1/projects/monarch-initiative/global/firewalls/monarch-tf-balancer-hc-0",
            "source_ranges": [
              "130.211.0.0/22",
              "35.191.0.0/16"
            ],
            "source_service_accounts": null,
            "source_tags": null,
            "target_service_accounts": null,
            "target_tags": null,
            "timeouts": null
          },
          "sensitive_attributes": [],
          "private": "eyJlMmJmYjczMC1lY2FhLTExZTYtOGY4OC0zNDM2M2JjN2M0YzAiOnsiY3JlYXRlIjoyNDAwMDAwMDAwMDAsImRlbGV0ZSI6MjQwMDAwMDAwMDAwLCJ1cGRhdGUiOjI0MDAwMDAwMDAwMH0sInNjaGVtYV92ZXJzaW9uIjoiMSJ9",
          "dependencies": [
            "google_compute_instance.nodes",
            "google_compute_network.monarch_network",
            "google_compute_network_endpoint_group.negs",
            "google_compute_subnetwork.monarch_subnetwork"
          ]
        }
      ]
    },
    {
      "module": "module.lb-http",
      "mode": "managed",
      "type": "google_compute_global_address",
      "name": "default",
      "provider": "provider[\"registry.terraform.io/hashicorp/google\"]",
      "instances": [
        {
          "index_key": 0,
          "schema_version": 0,
          "attributes": {
            "address": "34.120.71.109",
            "address_type": "EXTERNAL",
            "creation_timestamp": "2021-10-12T09:43:22.272-07:00",
            "description": "",
            "id": "projects/monarch-initiative/global/addresses/monarch-tf-balancer-address",
            "ip_version": "",
            "name": "monarch-tf-balancer-address",
            "network": "",
            "prefix_length": 0,
            "project": "monarch-initiative",
            "purpose": "",
            "self_link": "https://www.googleapis.com/compute/v1/projects/monarch-initiative/global/addresses/monarch-tf-balancer-address",
            "timeouts": null
          },
          "sensitive_attributes": [],
          "private": "eyJlMmJmYjczMC1lY2FhLTExZTYtOGY4OC0zNDM2M2JjN2M0YzAiOnsiY3JlYXRlIjoyNDAwMDAwMDAwMDAsImRlbGV0ZSI6MjQwMDAwMDAwMDAwfX0="
        }
      ]
    },
    {
      "module": "module.lb-http",
      "mode": "managed",
      "type": "google_compute_global_forwarding_rule",
      "name": "http",
      "provider": "provider[\"registry.terraform.io/hashicorp/google\"]",
      "instances": []
    },
    {
      "module": "module.lb-http",
      "mode": "managed",
      "type": "google_compute_global_forwarding_rule",
      "name": "https",
      "provider": "provider[\"registry.terraform.io/hashicorp/google\"]",
      "instances": []
    },
    {
      "module": "module.lb-http",
      "mode": "managed",
      "type": "google_compute_ssl_certificate",
      "name": "default",
      "provider": "provider[\"registry.terraform.io/hashicorp/google\"]",
      "instances": []
    },
    {
      "module": "module.lb-http",
      "mode": "managed",
      "type": "google_compute_target_http_proxy",
      "name": "default",
      "provider": "provider[\"registry.terraform.io/hashicorp/google\"]",
      "instances": []
    },
    {
      "module": "module.lb-http",
      "mode": "managed",
      "type": "google_compute_target_https_proxy",
      "name": "default",
      "provider": "provider[\"registry.terraform.io/hashicorp/google\"]",
      "instances": []
    },
    {
      "module": "module.lb-http",
      "mode": "managed",
      "type": "google_compute_url_map",
      "name": "default",
      "provider": "provider[\"registry.terraform.io/hashicorp/google\"]",
      "instances": []
    },
    {
      "module": "module.lb-http",
      "mode": "managed",
      "type": "google_compute_url_map",
      "name": "https_redirect",
      "provider": "provider[\"registry.terraform.io/hashicorp/google\"]",
      "instances": []
    },
    {
      "module": "module.lb-http",
      "mode": "managed",
      "type": "random_id",
      "name": "certificate",
      "provider": "provider[\"registry.terraform.io/hashicorp/random\"]",
      "instances": []
    }
  ]
}
